{
  "version": 4,
  "terraform_version": "1.4.5",
  "serial": 278,
  "lineage": "c358a8eb-8809-9c92-0e4f-d61b5dfc2c5f",
  "outputs": {
    "ec2_remote_access": {
      "value": "ssh -i jenkinsKey.pem ec2-user@46.137.41.78",
      "type": "string"
    },
    "instance_public_ip": {
      "value": "Jenkins Server Public IP: 46.137.41.78",
      "type": "string"
    },
    "s3_bucket_uri": {
      "value": "S3 Bucket URI: s3://terraformjenkinshichams3bucket",
      "type": "string"
    },
    "s3_bucket_url": {
      "value": "S3 Bucket URL: https://terraformjenkinshichams3bucket.s3.amazonaws.com",
      "type": "string"
    },
    "user_local_public_IP": {
      "value": "User Local Public IP: 93.21.138.198",
      "type": "string"
    }
  },
  "resources": [
    {
      "mode": "data",
      "type": "aws_ami",
      "name": "amazon_linux_2",
      "provider": "provider[\"registry.terraform.io/hashicorp/aws\"]",
      "instances": [
        {
          "schema_version": 0,
          "attributes": {
            "architecture": "x86_64",
            "arn": "arn:aws:ec2:eu-west-1::image/ami-061cf30a139d73d7a",
            "block_device_mappings": [
              {
                "device_name": "/dev/xvda",
                "ebs": {
                  "delete_on_termination": "true",
                  "encrypted": "false",
                  "iops": "0",
                  "snapshot_id": "snap-011503b7165b695ae",
                  "throughput": "0",
                  "volume_size": "8",
                  "volume_type": "gp2"
                },
                "no_device": "",
                "virtual_name": ""
              }
            ],
            "boot_mode": "",
            "creation_date": "2023-05-19T00:12:41.000Z",
            "deprecation_time": "2025-05-19T00:12:41.000Z",
            "description": "Amazon Linux 2 AMI 2.0.20230515.0 x86_64 HVM gp2",
            "ena_support": true,
            "executable_users": null,
            "filter": [
              {
                "name": "name",
                "values": [
                  "amzn2-ami-hvm*"
                ]
              },
              {
                "name": "owner-alias",
                "values": [
                  "amazon"
                ]
              }
            ],
            "hypervisor": "xen",
            "id": "ami-061cf30a139d73d7a",
            "image_id": "ami-061cf30a139d73d7a",
            "image_location": "amazon/amzn2-ami-hvm-2.0.20230515.0-x86_64-gp2",
            "image_owner_alias": "amazon",
            "image_type": "machine",
            "imds_support": "",
            "include_deprecated": false,
            "kernel_id": "",
            "most_recent": true,
            "name": "amzn2-ami-hvm-2.0.20230515.0-x86_64-gp2",
            "name_regex": null,
            "owner_id": "137112412989",
            "owners": null,
            "platform": "",
            "platform_details": "Linux/UNIX",
            "product_codes": [],
            "public": true,
            "ramdisk_id": "",
            "root_device_name": "/dev/xvda",
            "root_device_type": "ebs",
            "root_snapshot_id": "snap-011503b7165b695ae",
            "sriov_net_support": "simple",
            "state": "available",
            "state_reason": {
              "code": "UNSET",
              "message": "UNSET"
            },
            "tags": {},
            "timeouts": null,
            "tpm_support": "",
            "usage_operation": "RunInstances",
            "virtualization_type": "hvm"
          },
          "sensitive_attributes": []
        }
      ]
    },
    {
      "mode": "data",
      "type": "external",
      "name": "myipaddr",
      "provider": "provider[\"registry.terraform.io/hashicorp/external\"]",
      "instances": [
        {
          "schema_version": 0,
          "attributes": {
            "id": "-",
            "program": [
              "bash",
              "-c",
              "curl -s 'https://ipinfo.io/json'"
            ],
            "query": null,
            "result": {
              "city": "Aulnay-sous-Bois",
              "country": "FR",
              "hostname": "198.138.21.93.rev.sfr.net",
              "ip": "93.21.138.198",
              "loc": "48.9381,2.4940",
              "org": "AS15557 Societe Francaise Du Radiotelephone - SFR SA",
              "postal": "93600",
              "readme": "https://ipinfo.io/missingauth",
              "region": "Île-de-France",
              "timezone": "Europe/Paris"
            },
            "working_dir": null
          },
          "sensitive_attributes": []
        }
      ]
    },
    {
      "mode": "managed",
      "type": "aws_default_route_table",
      "name": "default_route",
      "provider": "provider[\"registry.terraform.io/hashicorp/aws\"]",
      "instances": [
        {
          "schema_version": 0,
          "attributes": {
            "arn": "arn:aws:ec2:eu-west-1:390665570631:route-table/rtb-076aedcfe23ed98ed",
            "default_route_table_id": "rtb-076aedcfe23ed98ed",
            "id": "rtb-076aedcfe23ed98ed",
            "owner_id": "390665570631",
            "propagating_vgws": null,
            "route": [
              {
                "cidr_block": "0.0.0.0/0",
                "core_network_arn": "",
                "destination_prefix_list_id": "",
                "egress_only_gateway_id": "",
                "gateway_id": "igw-0b885f9e0f5e34a08",
                "instance_id": "",
                "ipv6_cidr_block": "",
                "nat_gateway_id": "",
                "network_interface_id": "",
                "transit_gateway_id": "",
                "vpc_endpoint_id": "",
                "vpc_peering_connection_id": ""
              }
            ],
            "tags": null,
            "tags_all": {},
            "timeouts": null,
            "vpc_id": "vpc-0fcf1fe43c6101f83"
          },
          "sensitive_attributes": [],
          "private": "eyJlMmJmYjczMC1lY2FhLTExZTYtOGY4OC0zNDM2M2JjN2M0YzAiOnsiY3JlYXRlIjoxMjAwMDAwMDAwMDAsInVwZGF0ZSI6MTIwMDAwMDAwMDAwfX0=",
          "dependencies": [
            "aws_internet_gateway.internet_gateway",
            "aws_vpc.vpc"
          ]
        }
      ]
    },
    {
      "mode": "managed",
      "type": "aws_iam_instance_profile",
      "name": "ec2_instance_profile",
      "provider": "provider[\"registry.terraform.io/hashicorp/aws\"]",
      "instances": [
        {
          "schema_version": 0,
          "attributes": {
            "arn": "arn:aws:iam::390665570631:instance-profile/dev-ec2-instance-profile",
            "create_date": "2023-05-29T04:00:02Z",
            "id": "dev-ec2-instance-profile",
            "name": "dev-ec2-instance-profile",
            "name_prefix": null,
            "path": "/",
            "role": "dev-ec2-iam-role",
            "tags": null,
            "tags_all": {},
            "unique_id": "AIPAVV5L3RFDVZ3BUZRWY"
          },
          "sensitive_attributes": [],
          "private": "bnVsbA==",
          "dependencies": [
            "aws_iam_role.ec2_iam_role"
          ]
        }
      ]
    },
    {
      "mode": "managed",
      "type": "aws_iam_role",
      "name": "ec2_iam_role",
      "provider": "provider[\"registry.terraform.io/hashicorp/aws\"]",
      "instances": [
        {
          "schema_version": 0,
          "attributes": {
            "arn": "arn:aws:iam::390665570631:role/dev-ec2-iam-role",
            "assume_role_policy": "{\"Statement\":[{\"Action\":[\"sts:AssumeRole\"],\"Effect\":\"Allow\",\"Principal\":{\"Service\":[\"ec2.amazonaws.com\"]}}],\"Version\":\"2012-10-17\"}",
            "create_date": "2023-05-29T04:00:01Z",
            "description": "",
            "force_detach_policies": false,
            "id": "dev-ec2-iam-role",
            "inline_policy": [],
            "managed_policy_arns": [],
            "max_session_duration": 3600,
            "name": "dev-ec2-iam-role",
            "name_prefix": "",
            "path": "/",
            "permissions_boundary": null,
            "tags": null,
            "tags_all": {},
            "unique_id": "AROAVV5L3RFDVG7MPWGT3"
          },
          "sensitive_attributes": [],
          "private": "bnVsbA=="
        }
      ]
    },
    {
      "mode": "managed",
      "type": "aws_iam_role_policy",
      "name": "ec2_role_policy",
      "provider": "provider[\"registry.terraform.io/hashicorp/aws\"]",
      "instances": [
        {
          "schema_version": 0,
          "attributes": {
            "id": "dev-ec2-iam-role:dev-ec2-role-policy",
            "name": "dev-ec2-role-policy",
            "name_prefix": null,
            "policy": "{\"Version\":\"2012-10-17\",\"Statement\":[{\"Action\":[\"s3:ListBucket\",\"s3:GetObject\",\"s3:PutObject\",\"s3:DeleteObject\"],\"Effect\":\"Allow\",\"Resource\":\"*\"}]}",
            "role": "dev-ec2-iam-role"
          },
          "sensitive_attributes": [],
          "private": "bnVsbA==",
          "dependencies": [
            "aws_iam_role.ec2_iam_role"
          ]
        }
      ]
    },
    {
      "mode": "managed",
      "type": "aws_instance",
      "name": "jenkins_server",
      "provider": "provider[\"registry.terraform.io/hashicorp/aws\"]",
      "instances": [
        {
          "schema_version": 1,
          "attributes": {
            "ami": "ami-061cf30a139d73d7a",
            "arn": "arn:aws:ec2:eu-west-1:390665570631:instance/i-0d32953ac009448ac",
            "associate_public_ip_address": true,
            "availability_zone": "eu-west-1c",
            "capacity_reservation_specification": [
              {
                "capacity_reservation_preference": "open",
                "capacity_reservation_target": []
              }
            ],
            "cpu_core_count": 2,
            "cpu_threads_per_core": 1,
            "credit_specification": [
              {
                "cpu_credits": "standard"
              }
            ],
            "disable_api_stop": false,
            "disable_api_termination": false,
            "ebs_block_device": [],
            "ebs_optimized": false,
            "enclave_options": [
              {
                "enabled": false
              }
            ],
            "ephemeral_block_device": [],
            "get_password_data": false,
            "hibernation": false,
            "host_id": "",
            "host_resource_group_arn": null,
            "iam_instance_profile": "dev-ec2-instance-profile",
            "id": "i-0d32953ac009448ac",
            "instance_initiated_shutdown_behavior": "stop",
            "instance_state": "running",
            "instance_type": "t2.medium",
            "ipv6_address_count": 0,
            "ipv6_addresses": [],
            "key_name": "jenkinsKey",
            "launch_template": [],
            "maintenance_options": [
              {
                "auto_recovery": "default"
              }
            ],
            "metadata_options": [
              {
                "http_endpoint": "enabled",
                "http_put_response_hop_limit": 1,
                "http_tokens": "optional",
                "instance_metadata_tags": "disabled"
              }
            ],
            "monitoring": false,
            "network_interface": [],
            "outpost_arn": "",
            "password_data": "",
            "placement_group": "",
            "placement_partition_number": 0,
            "primary_network_interface_id": "eni-0aaa19cc53fd017dd",
            "private_dns": "ip-10-0-0-43.eu-west-1.compute.internal",
            "private_dns_name_options": [
              {
                "enable_resource_name_dns_a_record": false,
                "enable_resource_name_dns_aaaa_record": false,
                "hostname_type": "ip-name"
              }
            ],
            "private_ip": "10.0.0.43",
            "public_dns": "",
            "public_ip": "46.137.41.78",
            "root_block_device": [
              {
                "delete_on_termination": true,
                "device_name": "/dev/xvda",
                "encrypted": false,
                "iops": 100,
                "kms_key_id": "",
                "tags": {},
                "throughput": 0,
                "volume_id": "vol-0c1bdafeea4c2ddc3",
                "volume_size": 8,
                "volume_type": "gp2"
              }
            ],
            "secondary_private_ips": [],
            "security_groups": [
              "sg-098feaac32e12b82b"
            ],
            "source_dest_check": true,
            "subnet_id": "subnet-0e7c52fed6a3f18ca",
            "tags": {
              "Name": "dev-jenkins-server"
            },
            "tags_all": {
              "Name": "dev-jenkins-server"
            },
            "tenancy": "default",
            "timeouts": null,
            "user_data": "e1b0baccbe664cd2ff00487b4713c185edfb159a",
            "user_data_base64": null,
            "user_data_replace_on_change": false,
            "volume_tags": null,
            "vpc_security_group_ids": [
              "sg-098feaac32e12b82b"
            ]
          },
          "sensitive_attributes": [],
          "private": "eyJlMmJmYjczMC1lY2FhLTExZTYtOGY4OC0zNDM2M2JjN2M0YzAiOnsiY3JlYXRlIjo2MDAwMDAwMDAwMDAsImRlbGV0ZSI6MTIwMDAwMDAwMDAwMCwidXBkYXRlIjo2MDAwMDAwMDAwMDB9LCJzY2hlbWFfdmVyc2lvbiI6IjEifQ==",
          "dependencies": [
            "aws_iam_instance_profile.ec2_instance_profile",
            "aws_iam_role.ec2_iam_role",
            "aws_key_pair.generated",
            "aws_security_group.jenkins_security_group",
            "aws_subnet.subnet",
            "aws_vpc.vpc",
            "data.aws_ami.amazon_linux_2",
            "data.external.myipaddr",
            "tls_private_key.generated"
          ]
        }
      ]
    },
    {
      "mode": "managed",
      "type": "aws_internet_gateway",
      "name": "internet_gateway",
      "provider": "provider[\"registry.terraform.io/hashicorp/aws\"]",
      "instances": [
        {
          "schema_version": 0,
          "attributes": {
            "arn": "arn:aws:ec2:eu-west-1:390665570631:internet-gateway/igw-0b885f9e0f5e34a08",
            "id": "igw-0b885f9e0f5e34a08",
            "owner_id": "390665570631",
            "tags": {
              "Name": "dev-internet-gateway"
            },
            "tags_all": {
              "Name": "dev-internet-gateway"
            },
            "timeouts": null,
            "vpc_id": "vpc-0fcf1fe43c6101f83"
          },
          "sensitive_attributes": [],
          "private": "eyJlMmJmYjczMC1lY2FhLTExZTYtOGY4OC0zNDM2M2JjN2M0YzAiOnsiY3JlYXRlIjoxMjAwMDAwMDAwMDAwLCJkZWxldGUiOjEyMDAwMDAwMDAwMDAsInVwZGF0ZSI6MTIwMDAwMDAwMDAwMH19",
          "dependencies": [
            "aws_vpc.vpc"
          ]
        }
      ]
    },
    {
      "mode": "managed",
      "type": "aws_key_pair",
      "name": "generated",
      "provider": "provider[\"registry.terraform.io/hashicorp/aws\"]",
      "instances": [
        {
          "schema_version": 1,
          "attributes": {
            "arn": "arn:aws:ec2:eu-west-1:390665570631:key-pair/jenkinsKey",
            "fingerprint": "83:ed:8f:0c:7f:89:6e:18:06:fc:fe:33:e8:1b:5a:85",
            "id": "jenkinsKey",
            "key_name": "jenkinsKey",
            "key_name_prefix": "",
            "key_pair_id": "key-0be35a9a982c9e791",
            "key_type": "rsa",
            "public_key": "ssh-rsa AAAAB3NzaC1yc2EAAAADAQABAAABAQC66vxrsIwcoA8uKH2ZQrYueQ0TXY4vDdqRkfWaV1rqB4Fzn3EbKN0oadhji6tqFww25L6DtRHI4pzxS1ITV6lVEGEWy5XcP657IyTae56eTbHiDeRtGlZz5yERFKIoCApJL+iKG8QFV5KfOeqinQEmOFyDGhnnd0QnhwpkFCWYZgPFSyE4PvghnHWGQnqqTkDPbTyOr1a+UkDrwZ5WO+SI+yO63TlZ1a8K0OEkd1S65QgNbNxkooasx/zWYdI2586EWqHq8f825oM0pvWgDNAskbAW16WwBrvnveHcJaGeWk/tyG3b+2kKMoERVssNKtbgzDC5I+enWjeqkLOYqFOr",
            "tags": null,
            "tags_all": {}
          },
          "sensitive_attributes": [],
          "private": "eyJzY2hlbWFfdmVyc2lvbiI6IjEifQ==",
          "dependencies": [
            "tls_private_key.generated"
          ]
        }
      ]
    },
    {
      "mode": "managed",
      "type": "aws_s3_bucket",
      "name": "s3",
      "provider": "provider[\"registry.terraform.io/hashicorp/aws\"]",
      "instances": [
        {
          "schema_version": 0,
          "attributes": {
            "acceleration_status": "",
            "acl": null,
            "arn": "arn:aws:s3:::terraformjenkinshichams3bucket",
            "bucket": "terraformjenkinshichams3bucket",
            "bucket_domain_name": "terraformjenkinshichams3bucket.s3.amazonaws.com",
            "bucket_prefix": null,
            "bucket_regional_domain_name": "terraformjenkinshichams3bucket.s3.eu-west-1.amazonaws.com",
            "cors_rule": [],
            "force_destroy": true,
            "grant": [
              {
                "id": "690895015b0c563f9914db3bd6fe08e65fd0a6046099938b07736c01d0307cb1",
                "permissions": [
                  "FULL_CONTROL"
                ],
                "type": "CanonicalUser",
                "uri": ""
              }
            ],
            "hosted_zone_id": "Z1BKCTXD74EZPE",
            "id": "terraformjenkinshichams3bucket",
            "lifecycle_rule": [],
            "logging": [],
            "object_lock_configuration": [],
            "object_lock_enabled": false,
            "policy": "",
            "region": "eu-west-1",
            "replication_configuration": [],
            "request_payer": "BucketOwner",
            "server_side_encryption_configuration": [
              {
                "rule": [
                  {
                    "apply_server_side_encryption_by_default": [
                      {
                        "kms_master_key_id": "",
                        "sse_algorithm": "AES256"
                      }
                    ],
                    "bucket_key_enabled": false
                  }
                ]
              }
            ],
            "tags": {
              "Name": "dev-s3-bucket"
            },
            "tags_all": {
              "Name": "dev-s3-bucket"
            },
            "timeouts": null,
            "versioning": [
              {
                "enabled": false,
                "mfa_delete": false
              }
            ],
            "website": [],
            "website_domain": null,
            "website_endpoint": null
          },
          "sensitive_attributes": [],
          "private": "eyJlMmJmYjczMC1lY2FhLTExZTYtOGY4OC0zNDM2M2JjN2M0YzAiOnsiY3JlYXRlIjoxMjAwMDAwMDAwMDAwLCJkZWxldGUiOjM2MDAwMDAwMDAwMDAsInJlYWQiOjEyMDAwMDAwMDAwMDAsInVwZGF0ZSI6MTIwMDAwMDAwMDAwMH19"
        }
      ]
    },
    {
      "mode": "managed",
      "type": "aws_security_group",
      "name": "jenkins_security_group",
      "provider": "provider[\"registry.terraform.io/hashicorp/aws\"]",
      "instances": [
        {
          "schema_version": 1,
          "attributes": {
            "arn": "arn:aws:ec2:eu-west-1:390665570631:security-group/sg-098feaac32e12b82b",
            "description": "Apply to Jenkins EC2 instance",
            "egress": [
              {
                "cidr_blocks": [
                  "0.0.0.0/0"
                ],
                "description": "Allow All Outbound",
                "from_port": 0,
                "ipv6_cidr_blocks": [],
                "prefix_list_ids": [],
                "protocol": "-1",
                "security_groups": [],
                "self": false,
                "to_port": 0
              }
            ],
            "id": "sg-098feaac32e12b82b",
            "ingress": [
              {
                "cidr_blocks": [
                  "93.21.138.198/32"
                ],
                "description": "Allow SSH from MY Public IP",
                "from_port": 22,
                "ipv6_cidr_blocks": [],
                "prefix_list_ids": [],
                "protocol": "tcp",
                "security_groups": [],
                "self": false,
                "to_port": 22
              },
              {
                "cidr_blocks": [
                  "93.21.138.198/32"
                ],
                "description": "Allow access to Jenkis from My IP",
                "from_port": 8080,
                "ipv6_cidr_blocks": [],
                "prefix_list_ids": [],
                "protocol": "tcp",
                "security_groups": [],
                "self": false,
                "to_port": 8080
              }
            ],
            "name": "dev-jenkins-security-group",
            "name_prefix": "",
            "owner_id": "390665570631",
            "revoke_rules_on_delete": false,
            "tags": {
              "Name": "dev-jenkins-security-group"
            },
            "tags_all": {
              "Name": "dev-jenkins-security-group"
            },
            "timeouts": null,
            "vpc_id": "vpc-0fcf1fe43c6101f83"
          },
          "sensitive_attributes": [],
          "private": "eyJlMmJmYjczMC1lY2FhLTExZTYtOGY4OC0zNDM2M2JjN2M0YzAiOnsiY3JlYXRlIjo2MDAwMDAwMDAwMDAsImRlbGV0ZSI6OTAwMDAwMDAwMDAwfSwic2NoZW1hX3ZlcnNpb24iOiIxIn0=",
          "dependencies": [
            "aws_vpc.vpc",
            "data.external.myipaddr"
          ]
        }
      ]
    },
    {
      "mode": "managed",
      "type": "aws_subnet",
      "name": "subnet",
      "provider": "provider[\"registry.terraform.io/hashicorp/aws\"]",
      "instances": [
        {
          "schema_version": 1,
          "attributes": {
            "arn": "arn:aws:ec2:eu-west-1:390665570631:subnet/subnet-0e7c52fed6a3f18ca",
            "assign_ipv6_address_on_creation": false,
            "availability_zone": "eu-west-1c",
            "availability_zone_id": "euw1-az2",
            "cidr_block": "10.0.0.0/24",
            "customer_owned_ipv4_pool": "",
            "enable_dns64": false,
            "enable_resource_name_dns_a_record_on_launch": false,
            "enable_resource_name_dns_aaaa_record_on_launch": false,
            "id": "subnet-0e7c52fed6a3f18ca",
            "ipv6_cidr_block": "",
            "ipv6_cidr_block_association_id": "",
            "ipv6_native": false,
            "map_customer_owned_ip_on_launch": false,
            "map_public_ip_on_launch": true,
            "outpost_arn": "",
            "owner_id": "390665570631",
            "private_dns_hostname_type_on_launch": "ip-name",
            "tags": {
              "Name": "dev-subnet"
            },
            "tags_all": {
              "Name": "dev-subnet"
            },
            "timeouts": null,
            "vpc_id": "vpc-0fcf1fe43c6101f83"
          },
          "sensitive_attributes": [],
          "private": "eyJlMmJmYjczMC1lY2FhLTExZTYtOGY4OC0zNDM2M2JjN2M0YzAiOnsiY3JlYXRlIjo2MDAwMDAwMDAwMDAsImRlbGV0ZSI6MTIwMDAwMDAwMDAwMH0sInNjaGVtYV92ZXJzaW9uIjoiMSJ9",
          "dependencies": [
            "aws_vpc.vpc"
          ]
        }
      ]
    },
    {
      "mode": "managed",
      "type": "aws_vpc",
      "name": "vpc",
      "provider": "provider[\"registry.terraform.io/hashicorp/aws\"]",
      "instances": [
        {
          "schema_version": 1,
          "attributes": {
            "arn": "arn:aws:ec2:eu-west-1:390665570631:vpc/vpc-0fcf1fe43c6101f83",
            "assign_generated_ipv6_cidr_block": false,
            "cidr_block": "10.0.0.0/16",
            "default_network_acl_id": "acl-0016d46d0ece286c1",
            "default_route_table_id": "rtb-076aedcfe23ed98ed",
            "default_security_group_id": "sg-0cd92380b49bc0d3f",
            "dhcp_options_id": "dopt-08b4172496eb99da4",
            "enable_classiclink": false,
            "enable_classiclink_dns_support": false,
            "enable_dns_hostnames": false,
            "enable_dns_support": true,
            "enable_network_address_usage_metrics": false,
            "id": "vpc-0fcf1fe43c6101f83",
            "instance_tenancy": "default",
            "ipv4_ipam_pool_id": null,
            "ipv4_netmask_length": null,
            "ipv6_association_id": "",
            "ipv6_cidr_block": "",
            "ipv6_cidr_block_network_border_group": "",
            "ipv6_ipam_pool_id": "",
            "ipv6_netmask_length": 0,
            "main_route_table_id": "rtb-076aedcfe23ed98ed",
            "owner_id": "390665570631",
            "tags": {
              "Name": "dev-vpc"
            },
            "tags_all": {
              "Name": "dev-vpc"
            }
          },
          "sensitive_attributes": [],
          "private": "eyJzY2hlbWFfdmVyc2lvbiI6IjEifQ=="
        }
      ]
    },
    {
      "mode": "managed",
      "type": "local_file",
      "name": "private_key_pem",
      "provider": "provider[\"registry.terraform.io/hashicorp/local\"]",
      "instances": [
        {
          "schema_version": 0,
          "attributes": {
            "content": "-----BEGIN RSA PRIVATE KEY-----\nMIIEpAIBAAKCAQEAuur8a7CMHKAPLih9mUK2LnkNE12OLw3akZH1mlda6geBc59x\nGyjdKGnYY4urahcMNuS+g7URyOKc8UtSE1epVRBhFsuV3D+ueyMk2nuenk2x4g3k\nbRpWc+chERSiKAgKSS/oihvEBVeSnznqop0BJjhcgxoZ53dEJ4cKZBQlmGYDxUsh\nOD74IZx1hkJ6qk5Az208jq9WvlJA68GeVjvkiPsjut05WdWvCtDhJHdUuuUIDWzc\nZKKGrMf81mHSNufOhFqh6vH/NuaDNKb1oAzQLJGwFtelsAa7573h3CWhnlpP7cht\n2/tpCjKBEVbLDSrW4MwwuSPnp1o3qpCzmKhTqwIDAQABAoIBAGcRsIMJZRlbwUMo\nnKloOeFCas1k50RXFVDz9URYKw+ld+Jz5wCc9eaVBvdNSwZDEz8pv0wNCnOFUhlT\n+TwlOIBpecACHu7GRsYryOSZCgwst4v5MR5gSY+7wWYTxJ7iYBmfS1Dsoph3g6g9\nXX6xqLKUnZ7FQ8d44qIROs+YtGpl1INwb3zd6+q1ImxDnmKj7BbAUv7k0A5effhk\ntKl597V3UuDScTIFFgeQMM+wqJuI7cSkXBYSv3D8nxvmhtGo1mGzRkzjdaCkG8jg\nC4bofq09gPfYZUHa2ToCre7fo0m1vPm4SD9vtgi3NX4x+QAkUagKQX0Zcl49mGkZ\nOZA9gxECgYEA637G+lKQ4qyr6LRnJE43tQe4asSQqdrR+c0GRmlEnl5vkuBdQL+t\nVpn6fKPDbiMf8fveatyYnh31YmncTXloArE+lIqMCR0oeiYVr08YnKQaudoZY8Sf\ne90sHz2UqK40ePV6aXsRiV4TEFZW87Jvifh7/a0J66lFk3jGJuCHvgcCgYEAyzFp\n2Yf6RfaY0HnNjCAHMm62+Yzb8BCF1+jq06q5+a16Su8P9Z+nGv1skd6Gwno7qZLh\nVbPaqXEVcl4WR/kFYpiDdr3+Q0IfbC7M+bQdbtBAkdy7VMLW/73AamKC9Y57Kw9y\nOwMUbHhUjeurgV5Zam5MwothIA1TWA0c8hDslD0CgYEAgAxAP05zz30aQH8PcjNB\noSKgiRV2n5UHBXAQ0Gpe0EoDGvb6XcGbi/JPvEQDeLiKnzZXuv1V0uvxSGDNVCcG\ngihEIdqvyCjdoIVi1x8H/+xPR+0qTxBTs7MQUbBXS9zlVTwNIpuzbmEDtqdrwjis\n43WEXewf787rsQNDo1IFHTMCgYAdae7HtZ5uKE9gxnER2sUP8OT95P0lmE63vZjY\nwTsgwJMWa9rklJLtHkhsKUlat7URTBjgfiOmKZ+QKbyR+KNl7WwCcWhwNg80auXz\nM7abBvyB4PEhSP80kDRdchtBDroXtqmzjzOSrCyZSsdN9+l7tbHY67JIoIUzFtrc\n08RbhQKBgQDitw0Q4aR8P/bS/Rx8qXf7+sU/3XlxRKgSxc2t8J5RYuo1ub23rYbT\nsdHEqxaGhBsH+jg9VR9ixvJgzb0JD1p/13Llerj4PqjEQJ1TOB8fUrC9b7wH9HNA\n5y10yHnyeQAdZiRJwodDWmCbs6TxBVLlpeq+GKM82LsRtVXu0BuZgA==\n-----END RSA PRIVATE KEY-----\n",
            "content_base64": null,
            "directory_permission": "0777",
            "file_permission": "0400",
            "filename": "jenkinsKey.pem",
            "id": "87511686398439f06a0446ff9059ce9d9a57fce6",
            "sensitive_content": null,
            "source": null
          },
          "sensitive_attributes": [
            [
              {
                "type": "get_attr",
                "value": "content"
              }
            ]
          ],
          "dependencies": [
            "tls_private_key.generated"
          ]
        }
      ]
    },
    {
      "mode": "managed",
      "type": "tls_private_key",
      "name": "generated",
      "provider": "provider[\"registry.terraform.io/hashicorp/tls\"]",
      "instances": [
        {
          "schema_version": 1,
          "attributes": {
            "algorithm": "RSA",
            "ecdsa_curve": "P224",
            "id": "e4c046c2c62b61d43b41a3eab61c35fc1a8272f7",
            "private_key_openssh": "-----BEGIN OPENSSH PRIVATE KEY-----\nb3BlbnNzaC1rZXktdjEAAAAABG5vbmUAAAAEbm9uZQAAAAAAAAABAAABFwAAAAdz\nc2gtcnNhAAAAAwEAAQAAAQEAuur8a7CMHKAPLih9mUK2LnkNE12OLw3akZH1mlda\n6geBc59xGyjdKGnYY4urahcMNuS+g7URyOKc8UtSE1epVRBhFsuV3D+ueyMk2nue\nnk2x4g3kbRpWc+chERSiKAgKSS/oihvEBVeSnznqop0BJjhcgxoZ53dEJ4cKZBQl\nmGYDxUshOD74IZx1hkJ6qk5Az208jq9WvlJA68GeVjvkiPsjut05WdWvCtDhJHdU\nuuUIDWzcZKKGrMf81mHSNufOhFqh6vH/NuaDNKb1oAzQLJGwFtelsAa7573h3CWh\nnlpP7cht2/tpCjKBEVbLDSrW4MwwuSPnp1o3qpCzmKhTqwAAA7iyp2YZsqdmGQAA\nAAdzc2gtcnNhAAABAQC66vxrsIwcoA8uKH2ZQrYueQ0TXY4vDdqRkfWaV1rqB4Fz\nn3EbKN0oadhji6tqFww25L6DtRHI4pzxS1ITV6lVEGEWy5XcP657IyTae56eTbHi\nDeRtGlZz5yERFKIoCApJL+iKG8QFV5KfOeqinQEmOFyDGhnnd0QnhwpkFCWYZgPF\nSyE4PvghnHWGQnqqTkDPbTyOr1a+UkDrwZ5WO+SI+yO63TlZ1a8K0OEkd1S65QgN\nbNxkooasx/zWYdI2586EWqHq8f825oM0pvWgDNAskbAW16WwBrvnveHcJaGeWk/t\nyG3b+2kKMoERVssNKtbgzDC5I+enWjeqkLOYqFOrAAAAAwEAAQAAAQBnEbCDCWUZ\nW8FDKJypaDnhQmrNZOdEVxVQ8/VEWCsPpXfic+cAnPXmlQb3TUsGQxM/Kb9MDQpz\nhVIZU/k8JTiAaXnAAh7uxkbGK8jkmQoMLLeL+TEeYEmPu8FmE8Se4mAZn0tQ7KKY\nd4OoPV1+saiylJ2exUPHeOKiETrPmLRqZdSDcG983evqtSJsQ55io+wWwFL+5NAO\nXn34ZLSpefe1d1Lg0nEyBRYHkDDPsKibiO3EpFwWEr9w/J8b5obRqNZhs0ZM43Wg\npBvI4AuG6H6tPYD32GVB2tk6Aq3u36NJtbz5uEg/b7YItzV+MfkAJFGoCkF9GXJe\nPZhpGTmQPYMRAAAAgQDitw0Q4aR8P/bS/Rx8qXf7+sU/3XlxRKgSxc2t8J5RYuo1\nub23rYbTsdHEqxaGhBsH+jg9VR9ixvJgzb0JD1p/13Llerj4PqjEQJ1TOB8fUrC9\nb7wH9HNA5y10yHnyeQAdZiRJwodDWmCbs6TxBVLlpeq+GKM82LsRtVXu0BuZgAAA\nAIEA637G+lKQ4qyr6LRnJE43tQe4asSQqdrR+c0GRmlEnl5vkuBdQL+tVpn6fKPD\nbiMf8fveatyYnh31YmncTXloArE+lIqMCR0oeiYVr08YnKQaudoZY8Sfe90sHz2U\nqK40ePV6aXsRiV4TEFZW87Jvifh7/a0J66lFk3jGJuCHvgcAAACBAMsxadmH+kX2\nmNB5zYwgBzJutvmM2/AQhdfo6tOqufmtekrvD/Wfpxr9bJHehsJ6O6mS4VWz2qlx\nFXJeFkf5BWKYg3a9/kNCH2wuzPm0HW7QQJHcu1TC1v+9wGpigvWOeysPcjsDFGx4\nVI3rq4FeWWpuTMKLYSANU1gNHPIQ7JQ9AAAAAAEC\n-----END OPENSSH PRIVATE KEY-----\n",
            "private_key_pem": "-----BEGIN RSA PRIVATE KEY-----\nMIIEpAIBAAKCAQEAuur8a7CMHKAPLih9mUK2LnkNE12OLw3akZH1mlda6geBc59x\nGyjdKGnYY4urahcMNuS+g7URyOKc8UtSE1epVRBhFsuV3D+ueyMk2nuenk2x4g3k\nbRpWc+chERSiKAgKSS/oihvEBVeSnznqop0BJjhcgxoZ53dEJ4cKZBQlmGYDxUsh\nOD74IZx1hkJ6qk5Az208jq9WvlJA68GeVjvkiPsjut05WdWvCtDhJHdUuuUIDWzc\nZKKGrMf81mHSNufOhFqh6vH/NuaDNKb1oAzQLJGwFtelsAa7573h3CWhnlpP7cht\n2/tpCjKBEVbLDSrW4MwwuSPnp1o3qpCzmKhTqwIDAQABAoIBAGcRsIMJZRlbwUMo\nnKloOeFCas1k50RXFVDz9URYKw+ld+Jz5wCc9eaVBvdNSwZDEz8pv0wNCnOFUhlT\n+TwlOIBpecACHu7GRsYryOSZCgwst4v5MR5gSY+7wWYTxJ7iYBmfS1Dsoph3g6g9\nXX6xqLKUnZ7FQ8d44qIROs+YtGpl1INwb3zd6+q1ImxDnmKj7BbAUv7k0A5effhk\ntKl597V3UuDScTIFFgeQMM+wqJuI7cSkXBYSv3D8nxvmhtGo1mGzRkzjdaCkG8jg\nC4bofq09gPfYZUHa2ToCre7fo0m1vPm4SD9vtgi3NX4x+QAkUagKQX0Zcl49mGkZ\nOZA9gxECgYEA637G+lKQ4qyr6LRnJE43tQe4asSQqdrR+c0GRmlEnl5vkuBdQL+t\nVpn6fKPDbiMf8fveatyYnh31YmncTXloArE+lIqMCR0oeiYVr08YnKQaudoZY8Sf\ne90sHz2UqK40ePV6aXsRiV4TEFZW87Jvifh7/a0J66lFk3jGJuCHvgcCgYEAyzFp\n2Yf6RfaY0HnNjCAHMm62+Yzb8BCF1+jq06q5+a16Su8P9Z+nGv1skd6Gwno7qZLh\nVbPaqXEVcl4WR/kFYpiDdr3+Q0IfbC7M+bQdbtBAkdy7VMLW/73AamKC9Y57Kw9y\nOwMUbHhUjeurgV5Zam5MwothIA1TWA0c8hDslD0CgYEAgAxAP05zz30aQH8PcjNB\noSKgiRV2n5UHBXAQ0Gpe0EoDGvb6XcGbi/JPvEQDeLiKnzZXuv1V0uvxSGDNVCcG\ngihEIdqvyCjdoIVi1x8H/+xPR+0qTxBTs7MQUbBXS9zlVTwNIpuzbmEDtqdrwjis\n43WEXewf787rsQNDo1IFHTMCgYAdae7HtZ5uKE9gxnER2sUP8OT95P0lmE63vZjY\nwTsgwJMWa9rklJLtHkhsKUlat7URTBjgfiOmKZ+QKbyR+KNl7WwCcWhwNg80auXz\nM7abBvyB4PEhSP80kDRdchtBDroXtqmzjzOSrCyZSsdN9+l7tbHY67JIoIUzFtrc\n08RbhQKBgQDitw0Q4aR8P/bS/Rx8qXf7+sU/3XlxRKgSxc2t8J5RYuo1ub23rYbT\nsdHEqxaGhBsH+jg9VR9ixvJgzb0JD1p/13Llerj4PqjEQJ1TOB8fUrC9b7wH9HNA\n5y10yHnyeQAdZiRJwodDWmCbs6TxBVLlpeq+GKM82LsRtVXu0BuZgA==\n-----END RSA PRIVATE KEY-----\n",
            "private_key_pem_pkcs8": "-----BEGIN PRIVATE KEY-----\nMIIEvgIBADANBgkqhkiG9w0BAQEFAASCBKgwggSkAgEAAoIBAQC66vxrsIwcoA8u\nKH2ZQrYueQ0TXY4vDdqRkfWaV1rqB4Fzn3EbKN0oadhji6tqFww25L6DtRHI4pzx\nS1ITV6lVEGEWy5XcP657IyTae56eTbHiDeRtGlZz5yERFKIoCApJL+iKG8QFV5Kf\nOeqinQEmOFyDGhnnd0QnhwpkFCWYZgPFSyE4PvghnHWGQnqqTkDPbTyOr1a+UkDr\nwZ5WO+SI+yO63TlZ1a8K0OEkd1S65QgNbNxkooasx/zWYdI2586EWqHq8f825oM0\npvWgDNAskbAW16WwBrvnveHcJaGeWk/tyG3b+2kKMoERVssNKtbgzDC5I+enWjeq\nkLOYqFOrAgMBAAECggEAZxGwgwllGVvBQyicqWg54UJqzWTnRFcVUPP1RFgrD6V3\n4nPnAJz15pUG901LBkMTPym/TA0Kc4VSGVP5PCU4gGl5wAIe7sZGxivI5JkKDCy3\ni/kxHmBJj7vBZhPEnuJgGZ9LUOyimHeDqD1dfrGospSdnsVDx3jiohE6z5i0amXU\ng3BvfN3r6rUibEOeYqPsFsBS/uTQDl59+GS0qXn3tXdS4NJxMgUWB5Awz7Com4jt\nxKRcFhK/cPyfG+aG0ajWYbNGTON1oKQbyOALhuh+rT2A99hlQdrZOgKt7t+jSbW8\n+bhIP2+2CLc1fjH5ACRRqApBfRlyXj2YaRk5kD2DEQKBgQDrfsb6UpDirKvotGck\nTje1B7hqxJCp2tH5zQZGaUSeXm+S4F1Av61Wmfp8o8NuIx/x+95q3JieHfViadxN\neWgCsT6UiowJHSh6JhWvTxicpBq52hljxJ973SwfPZSorjR49XppexGJXhMQVlbz\nsm+J+Hv9rQnrqUWTeMYm4Ie+BwKBgQDLMWnZh/pF9pjQec2MIAcybrb5jNvwEIXX\n6OrTqrn5rXpK7w/1n6ca/WyR3obCejupkuFVs9qpcRVyXhZH+QVimIN2vf5DQh9s\nLsz5tB1u0ECR3LtUwtb/vcBqYoL1jnsrD3I7AxRseFSN66uBXllqbkzCi2EgDVNY\nDRzyEOyUPQKBgQCADEA/TnPPfRpAfw9yM0GhIqCJFXaflQcFcBDQal7QSgMa9vpd\nwZuL8k+8RAN4uIqfNle6/VXS6/FIYM1UJwaCKEQh2q/IKN2ghWLXHwf/7E9H7SpP\nEFOzsxBRsFdL3OVVPA0im7NuYQO2p2vCOKzjdYRd7B/vzuuxA0OjUgUdMwKBgB1p\n7se1nm4oT2DGcRHaxQ/w5P3k/SWYTre9mNjBOyDAkxZr2uSUku0eSGwpSVq3tRFM\nGOB+I6Ypn5ApvJH4o2XtbAJxaHA2DzRq5fMztpsG/IHg8SFI/zSQNF1yG0EOuhe2\nqbOPM5KsLJlKx0336Xu1sdjrskighTMW2tzTxFuFAoGBAOK3DRDhpHw/9tL9HHyp\nd/v6xT/deXFEqBLFza3wnlFi6jW5vbethtOx0cSrFoaEGwf6OD1VH2LG8mDNvQkP\nWn/XcuV6uPg+qMRAnVM4Hx9SsL1vvAf0c0DnLXTIefJ5AB1mJEnCh0NaYJuzpPEF\nUuWl6r4YozzYuxG1Ve7QG5mA\n-----END PRIVATE KEY-----\n",
            "public_key_fingerprint_md5": "cc:7f:a2:8f:ad:0f:60:9f:02:79:55:45:ca:43:83:83",
            "public_key_fingerprint_sha256": "SHA256:s9cIRbiRX1z09/RjlDp6Odhm+KNmHFKkqIKEOBELZ9A",
            "public_key_openssh": "ssh-rsa AAAAB3NzaC1yc2EAAAADAQABAAABAQC66vxrsIwcoA8uKH2ZQrYueQ0TXY4vDdqRkfWaV1rqB4Fzn3EbKN0oadhji6tqFww25L6DtRHI4pzxS1ITV6lVEGEWy5XcP657IyTae56eTbHiDeRtGlZz5yERFKIoCApJL+iKG8QFV5KfOeqinQEmOFyDGhnnd0QnhwpkFCWYZgPFSyE4PvghnHWGQnqqTkDPbTyOr1a+UkDrwZ5WO+SI+yO63TlZ1a8K0OEkd1S65QgNbNxkooasx/zWYdI2586EWqHq8f825oM0pvWgDNAskbAW16WwBrvnveHcJaGeWk/tyG3b+2kKMoERVssNKtbgzDC5I+enWjeqkLOYqFOr\n",
            "public_key_pem": "-----BEGIN PUBLIC KEY-----\nMIIBIjANBgkqhkiG9w0BAQEFAAOCAQ8AMIIBCgKCAQEAuur8a7CMHKAPLih9mUK2\nLnkNE12OLw3akZH1mlda6geBc59xGyjdKGnYY4urahcMNuS+g7URyOKc8UtSE1ep\nVRBhFsuV3D+ueyMk2nuenk2x4g3kbRpWc+chERSiKAgKSS/oihvEBVeSnznqop0B\nJjhcgxoZ53dEJ4cKZBQlmGYDxUshOD74IZx1hkJ6qk5Az208jq9WvlJA68GeVjvk\niPsjut05WdWvCtDhJHdUuuUIDWzcZKKGrMf81mHSNufOhFqh6vH/NuaDNKb1oAzQ\nLJGwFtelsAa7573h3CWhnlpP7cht2/tpCjKBEVbLDSrW4MwwuSPnp1o3qpCzmKhT\nqwIDAQAB\n-----END PUBLIC KEY-----\n",
            "rsa_bits": 2048
          },
          "sensitive_attributes": []
        }
      ]
    }
  ],
  "check_results": null
}
